
Microsoft Visual Studio Solution File, Format Version 10.00
# Visual Studio 2008
Project("{8BC9CEB8-8B4A-11D0-8D11-00A0C91BC942}") = "IatInjector", "IatInjector\IatInjector.vcproj", "{FDD68AF9-4FD4-465C-B675-4B6941E2C4FE}"
EndProject
Global
	GlobalSection(SolutionConfigurationPlatforms) = preSolution
		Debug|Win32 = Debug|Win32
		Release|Win32 = Release|Win32
	EndGlobalSection
	GlobalSection(ProjectConfigurationPlatforms) = postSolution
		{FDD68AF9-4FD4-465C-B675-4B6941E2C4FE}.Debug|Win32.ActiveCfg = Debug|Win32
		{FDD68AF9-4FD4-465C-B675-4B6941E2C4FE}.Debug|Win32.Build.0 = Debug|Win32
		{FDD68AF9-4FD4-465C-B675-4B6941E2C4FE}.Release|Win32.ActiveCfg = Release|Win32
		{FDD68AF9-4FD4-465C-B675-4B6941E2C4FE}.Release|Win32.Build.0 = Release|Win32
	EndGlobalSection
	GlobalSection(SolutionProperties) = preSolution
		HideSolutionNode = FALSE
	EndGlobalSection
EndGlobal
